// !$*UTF8*$!
{
	archiveVersion = 1;
	classes = {
	};
	objectVersion = 56;
	objects = {

/* Begin PBXBuildFile section */
		6F308AEE29A095FB0075A0E6 /* DemoApp.swift in Sources */ = {isa = PBXBuildFile; fileRef = 6F308AED29A095FB0075A0E6 /* DemoApp.swift */; };
		6F308AF029A095FB0075A0E6 /* ContentView.swift in Sources */ = {isa = PBXBuildFile; fileRef = 6F308AEF29A095FB0075A0E6 /* ContentView.swift */; };
		6F308AF229A095FC0075A0E6 /* Assets.xcassets in Resources */ = {isa = PBXBuildFile; fileRef = 6F308AF129A095FC0075A0E6 /* Assets.xcassets */; };
		6F308AF629A095FC0075A0E6 /* Preview Assets.xcassets in Resources */ = {isa = PBXBuildFile; fileRef = 6F308AF529A095FC0075A0E6 /* Preview Assets.xcassets */; };
		6F308B0129A0987F0075A0E6 /* declarative-fetcher in Frameworks */ = {isa = PBXBuildFile; productRef = 6F308B0029A0987F0075A0E6 /* declarative-fetcher */; };
		6F308B0429A09A9E0075A0E6 /* DemoEndpoint.swift in Sources */ = {isa = PBXBuildFile; fileRef = 6F308B0329A09A9E0075A0E6 /* DemoEndpoint.swift */; };
		6F308B0729A09B3C0075A0E6 /* Student.swift in Sources */ = {isa = PBXBuildFile; fileRef = 6F308B0629A09B3C0075A0E6 /* Student.swift */; };
		6F308B0929A09DF40075A0E6 /* LoadError.swift in Sources */ = {isa = PBXBuildFile; fileRef = 6F308B0829A09DF40075A0E6 /* LoadError.swift */; };
		6F308B0B29A0A8450075A0E6 /* Teacher.swift in Sources */ = {isa = PBXBuildFile; fileRef = 6F308B0A29A0A8450075A0E6 /* Teacher.swift */; };
		6F3D460A29A9B42900DBFE9E /* School.swift in Sources */ = {isa = PBXBuildFile; fileRef = 6F3D460929A9B42900DBFE9E /* School.swift */; };
		6F3D460D29A9B95C00DBFE9E /* WithFetcherPage.swift in Sources */ = {isa = PBXBuildFile; fileRef = 6F3D460C29A9B95C00DBFE9E /* WithFetcherPage.swift */; };
		6F3D460F29A9BA8300DBFE9E /* WithPairFetcherPage.swift in Sources */ = {isa = PBXBuildFile; fileRef = 6F3D460E29A9BA8300DBFE9E /* WithPairFetcherPage.swift */; };
		6F3D461129A9BCAE00DBFE9E /* WithTripleFetcherPage.swift in Sources */ = {isa = PBXBuildFile; fileRef = 6F3D461029A9BCAE00DBFE9E /* WithTripleFetcherPage.swift */; };
		6F3D461329A9C00B00DBFE9E /* FetcherPage.swift in Sources */ = {isa = PBXBuildFile; fileRef = 6F3D461229A9C00B00DBFE9E /* FetcherPage.swift */; };
/* End PBXBuildFile section */

/* Begin PBXFileReference section */
		6F308AEA29A095FB0075A0E6 /* demo.app */ = {isa = PBXFileReference; explicitFileType = wrapper.application; includeInIndex = 0; path = demo.app; sourceTree = BUILT_PRODUCTS_DIR; };
		6F308AED29A095FB0075A0E6 /* DemoApp.swift */ = {isa = PBXFileReference; lastKnownFileType = sourcecode.swift; path = DemoApp.swift; sourceTree = "<group>"; };
		6F308AEF29A095FB0075A0E6 /* ContentView.swift */ = {isa = PBXFileReference; lastKnownFileType = sourcecode.swift; path = ContentView.swift; sourceTree = "<group>"; };
		6F308AF129A095FC0075A0E6 /* Assets.xcassets */ = {isa = PBXFileReference; lastKnownFileType = folder.assetcatalog; path = Assets.xcassets; sourceTree = "<group>"; };
		6F308AF329A095FC0075A0E6 /* demo.entitlements */ = {isa = PBXFileReference; lastKnownFileType = text.plist.entitlements; path = demo.entitlements; sourceTree = "<group>"; };
		6F308AF529A095FC0075A0E6 /* Preview Assets.xcassets */ = {isa = PBXFileReference; lastKnownFileType = folder.assetcatalog; path = "Preview Assets.xcassets"; sourceTree = "<group>"; };
		6F308AFE29A0986E0075A0E6 /* declarative-fetcher */ = {isa = PBXFileReference; lastKnownFileType = wrapper; name = "declarative-fetcher"; path = ..; sourceTree = "<group>"; };
		6F308B0329A09A9E0075A0E6 /* DemoEndpoint.swift */ = {isa = PBXFileReference; lastKnownFileType = sourcecode.swift; path = DemoEndpoint.swift; sourceTree = "<group>"; };
		6F308B0629A09B3C0075A0E6 /* Student.swift */ = {isa = PBXFileReference; lastKnownFileType = sourcecode.swift; path = Student.swift; sourceTree = "<group>"; };
		6F308B0829A09DF40075A0E6 /* LoadError.swift */ = {isa = PBXFileReference; lastKnownFileType = sourcecode.swift; path = LoadError.swift; sourceTree = "<group>"; };
		6F308B0A29A0A8450075A0E6 /* Teacher.swift */ = {isa = PBXFileReference; lastKnownFileType = sourcecode.swift; path = Teacher.swift; sourceTree = "<group>"; };
		6F3D460929A9B42900DBFE9E /* School.swift */ = {isa = PBXFileReference; lastKnownFileType = sourcecode.swift; path = School.swift; sourceTree = "<group>"; };
		6F3D460C29A9B95C00DBFE9E /* WithFetcherPage.swift */ = {isa = PBXFileReference; lastKnownFileType = sourcecode.swift; path = WithFetcherPage.swift; sourceTree = "<group>"; };
		6F3D460E29A9BA8300DBFE9E /* WithPairFetcherPage.swift */ = {isa = PBXFileReference; lastKnownFileType = sourcecode.swift; path = WithPairFetcherPage.swift; sourceTree = "<group>"; };
		6F3D461029A9BCAE00DBFE9E /* WithTripleFetcherPage.swift */ = {isa = PBXFileReference; lastKnownFileType = sourcecode.swift; path = WithTripleFetcherPage.swift; sourceTree = "<group>"; };
		6F3D461229A9C00B00DBFE9E /* FetcherPage.swift */ = {isa = PBXFileReference; lastKnownFileType = sourcecode.swift; path = FetcherPage.swift; sourceTree = "<group>"; };
/* End PBXFileReference section */

/* Begin PBXFrameworksBuildPhase section */
		6F308AE729A095FB0075A0E6 /* Frameworks */ = {
			isa = PBXFrameworksBuildPhase;
			buildActionMask = 2147483647;
			files = (
				6F308B0129A0987F0075A0E6 /* declarative-fetcher in Frameworks */,
			);
			runOnlyForDeploymentPostprocessing = 0;
		};
/* End PBXFrameworksBuildPhase section */

/* Begin PBXGroup section */
		6F308AE129A095FB0075A0E6 = {
			isa = PBXGroup;
			children = (
				6F308AFE29A0986E0075A0E6 /* declarative-fetcher */,
				6F308AEC29A095FB0075A0E6 /* demo */,
				6F308AEB29A095FB0075A0E6 /* Products */,
				6F308AFF29A0987F0075A0E6 /* Frameworks */,
			);
			sourceTree = "<group>";
		};
		6F308AEB29A095FB0075A0E6 /* Products */ = {
			isa = PBXGroup;
			children = (
				6F308AEA29A095FB0075A0E6 /* demo.app */,
			);
			name = Products;
			sourceTree = "<group>";
		};
		6F308AEC29A095FB0075A0E6 /* demo */ = {
			isa = PBXGroup;
			children = (
				6F3D460B29A9B93F00DBFE9E /* Pages */,
				6F308B0529A09B060075A0E6 /* Model */,
				6F308B0229A098B20075A0E6 /* DataSource */,
				6F308AED29A095FB0075A0E6 /* DemoApp.swift */,
				6F308AEF29A095FB0075A0E6 /* ContentView.swift */,
				6F308AF129A095FC0075A0E6 /* Assets.xcassets */,
				6F308AF329A095FC0075A0E6 /* demo.entitlements */,
				6F308AF429A095FC0075A0E6 /* Preview Content */,
			);
			path = demo;
			sourceTree = "<group>";
		};
		6F308AF429A095FC0075A0E6 /* Preview Content */ = {
			isa = PBXGroup;
			children = (
				6F308AF529A095FC0075A0E6 /* Preview Assets.xcassets */,
			);
			path = "Preview Content";
			sourceTree = "<group>";
		};
		6F308AFF29A0987F0075A0E6 /* Frameworks */ = {
			isa = PBXGroup;
			children = (
			);
			name = Frameworks;
			sourceTree = "<group>";
		};
		6F308B0229A098B20075A0E6 /* DataSource */ = {
			isa = PBXGroup;
			children = (
				6F308B0329A09A9E0075A0E6 /* DemoEndpoint.swift */,
			);
			path = DataSource;
			sourceTree = "<group>";
		};
		6F308B0529A09B060075A0E6 /* Model */ = {
			isa = PBXGroup;
			children = (
				6F308B0629A09B3C0075A0E6 /* Student.swift */,
				6F308B0829A09DF40075A0E6 /* LoadError.swift */,
				6F308B0A29A0A8450075A0E6 /* Teacher.swift */,
				6F3D460929A9B42900DBFE9E /* School.swift */,
			);
			path = Model;
			sourceTree = "<group>";
		};
		6F3D460B29A9B93F00DBFE9E /* Pages */ = {
			isa = PBXGroup;
			children = (
				6F3D460C29A9B95C00DBFE9E /* WithFetcherPage.swift */,
				6F3D460E29A9BA8300DBFE9E /* WithPairFetcherPage.swift */,
				6F3D461029A9BCAE00DBFE9E /* WithTripleFetcherPage.swift */,
				6F3D461229A9C00B00DBFE9E /* FetcherPage.swift */,
			);
			path = Pages;
			sourceTree = "<group>";
		};
/* End PBXGroup section */

/* Begin PBXNativeTarget section */
		6F308AE929A095FB0075A0E6 /* demo */ = {
			isa = PBXNativeTarget;
			buildConfigurationList = 6F308AF929A095FC0075A0E6 /* Build configuration list for PBXNativeTarget "demo" */;
			buildPhases = (
				6F308AE629A095FB0075A0E6 /* Sources */,
				6F308AE729A095FB0075A0E6 /* Frameworks */,
				6F308AE829A095FB0075A0E6 /* Resources */,
			);
			buildRules = (
			);
			dependencies = (
			);
			name = demo;
			packageProductDependencies = (
				6F308B0029A0987F0075A0E6 /* declarative-fetcher */,
			);
			productName = demo;
			productReference = 6F308AEA29A095FB0075A0E6 /* demo.app */;
			productType = "com.apple.product-type.application";
		};
/* End PBXNativeTarget section */

/* Begin PBXProject section */
		6F308AE229A095FB0075A0E6 /* Project object */ = {
			isa = PBXProject;
			attributes = {
				BuildIndependentTargetsInParallel = 1;
				LastSwiftUpdateCheck = 1420;
				LastUpgradeCheck = 1420;
				TargetAttributes = {
					6F308AE929A095FB0075A0E6 = {
						CreatedOnToolsVersion = 14.2;
					};
				};
			};
			buildConfigurationList = 6F308AE529A095FB0075A0E6 /* Build configuration list for PBXProject "demo" */;
			compatibilityVersion = "Xcode 14.0";
			developmentRegion = en;
			hasScannedForEncodings = 0;
			knownRegions = (
				en,
				Base,
			);
			mainGroup = 6F308AE129A095FB0075A0E6;
			productRefGroup = 6F308AEB29A095FB0075A0E6 /* Products */;
			projectDirPath = "";
			projectRoot = "";
			targets = (
				6F308AE929A095FB0075A0E6 /* demo */,
			);
		};
/* End PBXProject section */

/* Begin PBXResourcesBuildPhase section */
		6F308AE829A095FB0075A0E6 /* Resources */ = {
			isa = PBXResourcesBuildPhase;
			buildActionMask = 2147483647;
			files = (
				6F308AF629A095FC0075A0E6 /* Preview Assets.xcassets in Resources */,
				6F308AF229A095FC0075A0E6 /* Assets.xcassets in Resources */,
			);
			runOnlyForDeploymentPostprocessing = 0;
		};
/* End PBXResourcesBuildPhase section */

/* Begin PBXSourcesBuildPhase section */
		6F308AE629A095FB0075A0E6 /* Sources */ = {
			isa = PBXSourcesBuildPhase;
			buildActionMask = 2147483647;
			files = (
				6F3D460A29A9B42900DBFE9E /* School.swift in Sources */,
				6F308B0B29A0A8450075A0E6 /* Teacher.swift in Sources */,
				6F3D460D29A9B95C00DBFE9E /* WithFetcherPage.swift in Sources */,
				6F3D460F29A9BA8300DBFE9E /* WithPairFetcherPage.swift in Sources */,
				6F308B0729A09B3C0075A0E6 /* Student.swift in Sources */,
				6F308AF029A095FB0075A0E6 /* ContentView.swift in Sources */,
				6F3D461329A9C00B00DBFE9E /* FetcherPage.swift in Sources */,
				6F3D461129A9BCAE00DBFE9E /* WithTripleFetcherPage.swift in Sources */,
				6F308B0429A09A9E0075A0E6 /* DemoEndpoint.swift in Sources */,
				6F308AEE29A095FB0075A0E6 /* DemoApp.swift in Sources */,
				6F308B0929A09DF40075A0E6 /* LoadError.swift in Sources */,
			);
			runOnlyForDeploymentPostprocessing = 0;
		};
/* End PBXSourcesBuildPhase section */

/* Begin XCBuildConfiguration section */
		6F308AF729A095FC0075A0E6 /* Debug */ = {
			isa = XCBuildConfiguration;
			buildSettings = {
				ALWAYS_SEARCH_USER_PATHS = NO;
				CLANG_ANALYZER_NONNULL = YES;
				CLANG_ANALYZER_NUMBER_OBJECT_CONVERSION = YES_AGGRESSIVE;
				CLANG_CXX_LANGUAGE_STANDARD = "gnu++20";
				CLANG_ENABLE_MODULES = YES;
				CLANG_ENABLE_OBJC_ARC = YES;
				CLANG_ENABLE_OBJC_WEAK = YES;
				CLANG_WARN_BLOCK_CAPTURE_AUTORELEASING = YES;
				CLANG_WARN_BOOL_CONVERSION = YES;
				CLANG_WARN_COMMA = YES;
				CLANG_WARN_CONSTANT_CONVERSION = YES;
				CLANG_WARN_DEPRECATED_OBJC_IMPLEMENTATIONS = YES;
				CLANG_WARN_DIRECT_OBJC_ISA_USAGE = YES_ERROR;
				CLANG_WARN_DOCUMENTATION_COMMENTS = YES;
				CLANG_WARN_EMPTY_BODY = YES;
				CLANG_WARN_ENUM_CONVERSION = YES;
				CLANG_WARN_INFINITE_RECURSION = YES;
				CLANG_WARN_INT_CONVERSION = YES;
				CLANG_WARN_NON_LITERAL_NULL_CONVERSION = YES;
				CLANG_WARN_OBJC_IMPLICIT_RETAIN_SELF = YES;
				CLANG_WARN_OBJC_LITERAL_CONVERSION = YES;
				CLANG_WARN_OBJC_ROOT_CLASS = YES_ERROR;
				CLANG_WARN_QUOTED_INCLUDE_IN_FRAMEWORK_HEADER = YES;
				CLANG_WARN_RANGE_LOOP_ANALYSIS = YES;
				CLANG_WARN_STRICT_PROTOTYPES = YES;
				CLANG_WARN_SUSPICIOUS_MOVE = YES;
				CLANG_WARN_UNGUARDED_AVAILABILITY = YES_AGGRESSIVE;
				CLANG_WARN_UNREACHABLE_CODE = YES;
				CLANG_WARN__DUPLICATE_METHOD_MATCH = YES;
				COPY_PHASE_STRIP = NO;
				DEBUG_INFORMATION_FORMAT = dwarf;
				ENABLE_STRICT_OBJC_MSGSEND = YES;
				ENABLE_TESTABILITY = YES;
				GCC_C_LANGUAGE_STANDARD = gnu11;
				GCC_DYNAMIC_NO_PIC = NO;
				GCC_NO_COMMON_BLOCKS = YES;
				GCC_OPTIMIZATION_LEVEL = 0;
				GCC_PREPROCESSOR_DEFINITIONS = (
					"DEBUG=1",
					"$(inherited)",
				);
				GCC_WARN_64_TO_32_BIT_CONVERSION = YES;
				GCC_WARN_ABOUT_RETURN_TYPE = YES_ERROR;
				GCC_WARN_UNDECLARED_SELECTOR = YES;
				GCC_WARN_UNINITIALIZED_AUTOS = YES_AGGRESSIVE;
				GCC_WARN_UNUSED_FUNCTION = YES;
				GCC_WARN_UNUSED_VARIABLE = YES;
				MTL_ENABLE_DEBUG_INFO = INCLUDE_SOURCE;
				MTL_FAST_MATH = YES;
				ONLY_ACTIVE_ARCH = YES;
				SWIFT_ACTIVE_COMPILATION_CONDITIONS = DEBUG;
				SWIFT_OPTIMIZATION_LEVEL = "-Onone";
			};
			name = Debug;
		};
		6F308AF829A095FC0075A0E6 /* Release */ = {
			isa = XCBuildConfiguration;
			buildSettings = {
				ALWAYS_SEARCH_USER_PATHS = NO;
				CLANG_ANALYZER_NONNULL = YES;
				CLANG_ANALYZER_NUMBER_OBJECT_CONVERSION = YES_AGGRESSIVE;
				CLANG_CXX_LANGUAGE_STANDARD = "gnu++20";
				CLANG_ENABLE_MODULES = YES;
				CLANG_ENABLE_OBJC_ARC = YES;
				CLANG_ENABLE_OBJC_WEAK = YES;
				CLANG_WARN_BLOCK_CAPTURE_AUTORELEASING = YES;
				CLANG_WARN_BOOL_CONVERSION = YES;
				CLANG_WARN_COMMA = YES;
				CLANG_WARN_CONSTANT_CONVERSION = YES;
				CLANG_WARN_DEPRECATED_OBJC_IMPLEMENTATIONS = YES;
				CLANG_WARN_DIRECT_OBJC_ISA_USAGE = YES_ERROR;
				CLANG_WARN_DOCUMENTATION_COMMENTS = YES;
				CLANG_WARN_EMPTY_BODY = YES;
				CLANG_WARN_ENUM_CONVERSION = YES;
				CLANG_WARN_INFINITE_RECURSION = YES;
				CLANG_WARN_INT_CONVERSION = YES;
				CLANG_WARN_NON_LITERAL_NULL_CONVERSION = YES;
				CLANG_WARN_OBJC_IMPLICIT_RETAIN_SELF = YES;
				CLANG_WARN_OBJC_LITERAL_CONVERSION = YES;
				CLANG_WARN_OBJC_ROOT_CLASS = YES_ERROR;
				CLANG_WARN_QUOTED_INCLUDE_IN_FRAMEWORK_HEADER = YES;
				CLANG_WARN_RANGE_LOOP_ANALYSIS = YES;
				CLANG_WARN_STRICT_PROTOTYPES = YES;
				CLANG_WARN_SUSPICIOUS_MOVE = YES;
				CLANG_WARN_UNGUARDED_AVAILABILITY = YES_AGGRESSIVE;
				CLANG_WARN_UNREACHABLE_CODE = YES;
				CLANG_WARN__DUPLICATE_METHOD_MATCH = YES;
				COPY_PHASE_STRIP = NO;
				DEBUG_INFORMATION_FORMAT = "dwarf-with-dsym";
				ENABLE_NS_ASSERTIONS = NO;
				ENABLE_STRICT_OBJC_MSGSEND = YES;
				GCC_C_LANGUAGE_STANDARD = gnu11;
				GCC_NO_COMMON_BLOCKS = YES;
				GCC_WARN_64_TO_32_BIT_CONVERSION = YES;
				GCC_WARN_ABOUT_RETURN_TYPE = YES_ERROR;
				GCC_WARN_UNDECLARED_SELECTOR = YES;
				GCC_WARN_UNINITIALIZED_AUTOS = YES_AGGRESSIVE;
				GCC_WARN_UNUSED_FUNCTION = YES;
				GCC_WARN_UNUSED_VARIABLE = YES;
				MTL_ENABLE_DEBUG_INFO = NO;
				MTL_FAST_MATH = YES;
				SWIFT_COMPILATION_MODE = wholemodule;
				SWIFT_OPTIMIZATION_LEVEL = "-O";
			};
			name = Release;
		};
		6F308AFA29A095FC0075A0E6 /* Debug */ = {
			isa = XCBuildConfiguration;
			buildSettings = {
				ASSETCATALOG_COMPILER_APPICON_NAME = AppIcon;
				ASSETCATALOG_COMPILER_GLOBAL_ACCENT_COLOR_NAME = AccentColor;
				CODE_SIGN_ENTITLEMENTS = demo/demo.entitlements;
				CODE_SIGN_STYLE = Automatic;
				CURRENT_PROJECT_VERSION = 1;
				DEVELOPMENT_ASSET_PATHS = "\"demo/Preview Content\"";
				ENABLE_PREVIEWS = YES;
				GENERATE_INFOPLIST_FILE = YES;
				"INFOPLIST_KEY_UIApplicationSceneManifest_Generation[sdk=iphoneos*]" = YES;
				"INFOPLIST_KEY_UIApplicationSceneManifest_Generation[sdk=iphonesimulator*]" = YES;
				"INFOPLIST_KEY_UIApplicationSupportsIndirectInputEvents[sdk=iphoneos*]" = YES;
				"INFOPLIST_KEY_UIApplicationSupportsIndirectInputEvents[sdk=iphonesimulator*]" = YES;
				"INFOPLIST_KEY_UILaunchScreen_Generation[sdk=iphoneos*]" = YES;
				"INFOPLIST_KEY_UILaunchScreen_Generation[sdk=iphonesimulator*]" = YES;
				"INFOPLIST_KEY_UIStatusBarStyle[sdk=iphoneos*]" = UIStatusBarStyleDefault;
				"INFOPLIST_KEY_UIStatusBarStyle[sdk=iphonesimulator*]" = UIStatusBarStyleDefault;
				INFOPLIST_KEY_UISupportedInterfaceOrientations_iPad = "UIInterfaceOrientationPortrait UIInterfaceOrientationPortraitUpsideDown UIInterfaceOrientationLandscapeLeft UIInterfaceOrientationLandscapeRight";
				INFOPLIST_KEY_UISupportedInterfaceOrientations_iPhone = "UIInterfaceOrientationPortrait UIInterfaceOrientationLandscapeLeft UIInterfaceOrientationLandscapeRight";
				IPHONEOS_DEPLOYMENT_TARGET = 16.2;
				LD_RUNPATH_SEARCH_PATHS = "@executable_path/Frameworks";
				"LD_RUNPATH_SEARCH_PATHS[sdk=macosx*]" = "@executable_path/../Frameworks";
				MACOSX_DEPLOYMENT_TARGET = 12.6;
				MARKETING_VERSION = 1.0;
				PRODUCT_BUNDLE_IDENTIFIER = com.ueshun.demo;
				PRODUCT_NAME = "$(TARGET_NAME)";
				SDKROOT = auto;
				SUPPORTED_PLATFORMS = "iphoneos iphonesimulator macosx";
				SWIFT_EMIT_LOC_STRINGS = YES;
				SWIFT_VERSION = 5.0;
				TARGETED_DEVICE_FAMILY = "1,2";
			};
			name = Debug;
		};
		6F308AFB29A095FC0075A0E6 /* Release */ = {
			isa = XCBuildConfiguration;
			buildSettings = {
				ASSETCATALOG_COMPILER_APPICON_NAME = AppIcon;
				ASSETCATALOG_COMPILER_GLOBAL_ACCENT_COLOR_NAME = AccentColor;
				CODE_SIGN_ENTITLEMENTS = demo/demo.entitlements;
				CODE_SIGN_STYLE = Automatic;
				CURRENT_PROJECT_VERSION = 1;
				DEVELOPMENT_ASSET_PATHS = "\"demo/Preview Content\"";
				ENABLE_PREVIEWS = YES;
				GENERATE_INFOPLIST_FILE = YES;
				"INFOPLIST_KEY_UIApplicationSceneManifest_Generation[sdk=iphoneos*]" = YES;
				"INFOPLIST_KEY_UIApplicationSceneManifest_Generation[sdk=iphonesimulator*]" = YES;
				"INFOPLIST_KEY_UIApplicationSupportsIndirectInputEvents[sdk=iphoneos*]" = YES;
				"INFOPLIST_KEY_UIApplicationSupportsIndirectInputEvents[sdk=iphonesimulator*]" = YES;
				"INFOPLIST_KEY_UILaunchScreen_Generation[sdk=iphoneos*]" = YES;
				"INFOPLIST_KEY_UILaunchScreen_Generation[sdk=iphonesimulator*]" = YES;
				"INFOPLIST_KEY_UIStatusBarStyle[sdk=iphoneos*]" = UIStatusBarStyleDefault;
				"INFOPLIST_KEY_UIStatusBarStyle[sdk=iphonesimulator*]" = UIStatusBarStyleDefault;
				INFOPLIST_KEY_UISupportedInterfaceOrientations_iPad = "UIInterfaceOrientationPortrait UIInterfaceOrientationPortraitUpsideDown UIInterfaceOrientationLandscapeLeft UIInterfaceOrientationLandscapeRight";
				INFOPLIST_KEY_UISupportedInterfaceOrientations_iPhone = "UIInterfaceOrientationPortrait UIInterfaceOrientationLandscapeLeft UIInterfaceOrientationLandscapeRight";
				IPHONEOS_DEPLOYMENT_TARGET = 16.2;
				LD_RUNPATH_SEARCH_PATHS = "@executable_path/Frameworks";
				"LD_RUNPATH_SEARCH_PATHS[sdk=macosx*]" = "@executable_path/../Frameworks";
				MACOSX_DEPLOYMENT_TARGET = 12.6;
				MARKETING_VERSION = 1.0;
				PRODUCT_BUNDLE_IDENTIFIER = com.ueshun.demo;
				PRODUCT_NAME = "$(TARGET_NAME)";
				SDKROOT = auto;
				SUPPORTED_PLATFORMS = "iphoneos iphonesimulator macosx";
				SWIFT_EMIT_LOC_STRINGS = YES;
				SWIFT_VERSION = 5.0;
				TARGETED_DEVICE_FAMILY = "1,2";
			};
			name = Release;
		};
/* End XCBuildConfiguration section */

/* Begin XCConfigurationList section */
		6F308AE529A095FB0075A0E6 /* Build configuration list for PBXProject "demo" */ = {
			isa = XCConfigurationList;
			buildConfigurations = (
				6F308AF729A095FC0075A0E6 /* Debug */,
				6F308AF829A095FC0075A0E6 /* Release */,
			);
			defaultConfigurationIsVisible = 0;
			defaultConfigurationName = Release;
		};
		6F308AF929A095FC0075A0E6 /* Build configuration list for PBXNativeTarget "demo" */ = {
			isa = XCConfigurationList;
			buildConfigurations = (
				6F308AFA29A095FC0075A0E6 /* Debug */,
				6F308AFB29A095FC0075A0E6 /* Release */,
			);
			defaultConfigurationIsVisible = 0;
			defaultConfigurationName = Release;
		};
/* End XCConfigurationList section */

/* Begin XCSwiftPackageProductDependency section */
		6F308B0029A0987F0075A0E6 /* declarative-fetcher */ = {
			isa = XCSwiftPackageProductDependency;
			productName = "declarative-fetcher";
		};
/* End XCSwiftPackageProductDependency section */
	};
	rootObject = 6F308AE229A095FB0075A0E6 /* Project object */;
}
